
Microsoft Visual Studio Solution File, Format Version 12.00
Project("{FAE04EC0-301F-11D3-BF4B-00C04F79EFBC}") = "UrlShortenerApi", "UrlShortenerApi\UrlShortenerApi.csproj", "{0C28EB8F-5C97-4662-A161-BB02416EEAEB}"
EndProject
Global
	GlobalSection(SolutionConfigurationPlatforms) = preSolution
		Debug|Any CPU = Debug|Any CPU
		Release|Any CPU = Release|Any CPU
	EndGlobalSection
	GlobalSection(ProjectConfigurationPlatforms) = postSolution
		{0C28EB8F-5C97-4662-A161-BB02416EEAEB}.Debug|Any CPU.ActiveCfg = Debug|Any CPU
		{0C28EB8F-5C97-4662-A161-BB02416EEAEB}.Debug|Any CPU.Build.0 = Debug|Any CPU
		{0C28EB8F-5C97-4662-A161-BB02416EEAEB}.Release|Any CPU.ActiveCfg = Release|Any CPU
		{0C28EB8F-5C97-4662-A161-BB02416EEAEB}.Release|Any CPU.Build.0 = Release|Any CPU
	EndGlobalSection
EndGlobal
